
Microsoft Visual Studio Solution File, Format Version 12.00
# Visual Studio 15
VisualStudioVersion = 15.0.27004.2005
MinimumVisualStudioVersion = 10.0.40219.1
Project("{FAE04EC0-301F-11D3-BF4B-00C04F79EFBC}") = "CommonAX", "CommonAX\CommonAX.csproj", "{C23314BC-BBA9-4428-8154-0364E1FBF7DE}"
EndProject
Project("{FAE04EC0-301F-11D3-BF4B-00C04F79EFBC}") = "CucbanquyenData", "CubanquyenData\CucbanquyenData.csproj", "{215D18A2-460C-4FB1-AEE6-FD2253FAA97B}"
EndProject
Project("{FAE04EC0-301F-11D3-BF4B-00C04F79EFBC}") = "CucbanquyenModel", "CucbanquyenModel\CucbanquyenModel.csproj", "{953BC6C0-3331-40C4-BACC-D9D6B3B17790}"
EndProject
Project("{FAE04EC0-301F-11D3-BF4B-00C04F79EFBC}") = "CucbanquyenService", "CubanquyenService\CucbanquyenService.csproj", "{673C6E20-0B45-41E3-99BF-573C77C89D53}"
EndProject
Project("{FAE04EC0-301F-11D3-BF4B-00C04F79EFBC}") = "webCucbanquyen", "webCucbanquyen\webCucbanquyen.csproj", "{C5FCB22D-8A18-45FD-B3C3-C8151A306021}"
EndProject
Global
	GlobalSection(SolutionConfigurationPlatforms) = preSolution
		Debug|Any CPU = Debug|Any CPU
		Release|Any CPU = Release|Any CPU
	EndGlobalSection
	GlobalSection(ProjectConfigurationPlatforms) = postSolution
		{C23314BC-BBA9-4428-8154-0364E1FBF7DE}.Debug|Any CPU.ActiveCfg = Debug|Any CPU
		{C23314BC-BBA9-4428-8154-0364E1FBF7DE}.Debug|Any CPU.Build.0 = Debug|Any CPU
		{C23314BC-BBA9-4428-8154-0364E1FBF7DE}.Release|Any CPU.ActiveCfg = Release|Any CPU
		{C23314BC-BBA9-4428-8154-0364E1FBF7DE}.Release|Any CPU.Build.0 = Release|Any CPU
		{215D18A2-460C-4FB1-AEE6-FD2253FAA97B}.Debug|Any CPU.ActiveCfg = Debug|Any CPU
		{215D18A2-460C-4FB1-AEE6-FD2253FAA97B}.Debug|Any CPU.Build.0 = Debug|Any CPU
		{215D18A2-460C-4FB1-AEE6-FD2253FAA97B}.Release|Any CPU.ActiveCfg = Release|Any CPU
		{215D18A2-460C-4FB1-AEE6-FD2253FAA97B}.Release|Any CPU.Build.0 = Release|Any CPU
		{953BC6C0-3331-40C4-BACC-D9D6B3B17790}.Debug|Any CPU.ActiveCfg = Debug|Any CPU
		{953BC6C0-3331-40C4-BACC-D9D6B3B17790}.Debug|Any CPU.Build.0 = Debug|Any CPU
		{953BC6C0-3331-40C4-BACC-D9D6B3B17790}.Release|Any CPU.ActiveCfg = Release|Any CPU
		{953BC6C0-3331-40C4-BACC-D9D6B3B17790}.Release|Any CPU.Build.0 = Release|Any CPU
		{673C6E20-0B45-41E3-99BF-573C77C89D53}.Debug|Any CPU.ActiveCfg = Debug|Any CPU
		{673C6E20-0B45-41E3-99BF-573C77C89D53}.Debug|Any CPU.Build.0 = Debug|Any CPU
		{673C6E20-0B45-41E3-99BF-573C77C89D53}.Release|Any CPU.ActiveCfg = Release|Any CPU
		{673C6E20-0B45-41E3-99BF-573C77C89D53}.Release|Any CPU.Build.0 = Release|Any CPU
		{C5FCB22D-8A18-45FD-B3C3-C8151A306021}.Debug|Any CPU.ActiveCfg = Debug|Any CPU
		{C5FCB22D-8A18-45FD-B3C3-C8151A306021}.Debug|Any CPU.Build.0 = Debug|Any CPU
		{C5FCB22D-8A18-45FD-B3C3-C8151A306021}.Release|Any CPU.ActiveCfg = Release|Any CPU
		{C5FCB22D-8A18-45FD-B3C3-C8151A306021}.Release|Any CPU.Build.0 = Release|Any CPU
	EndGlobalSection
	GlobalSection(SolutionProperties) = preSolution
		HideSolutionNode = FALSE
	EndGlobalSection
	GlobalSection(ExtensibilityGlobals) = postSolution
		SolutionGuid = {8801DC6B-0135-40F7-998D-FCB85A0A738A}
	EndGlobalSection
EndGlobal
